{
  "version": 4,
  "terraform_version": "1.11.3",
  "serial": 11,
  "lineage": "e7c5bbc2-23bc-add7-df52-38816bc01fee",
  "outputs": {
    "rg_id": {
      "value": "/subscriptions/4f0dddbf-b2ef-4bd5-9204-6fe8b3aa84a4/resourceGroups/rg_twinkal",
      "type": "string"
    },
    "subnet": {
      "value": [
        {
          "address_prefixes": [
            "192.168.0.64/26"
          ],
          "default_outbound_access_enabled": true,
          "delegation": [],
          "id": "/subscriptions/4f0dddbf-b2ef-4bd5-9204-6fe8b3aa84a4/resourceGroups/rg_twinkal/providers/Microsoft.Network/virtualNetworks/vnet_twinkal/subnets/subnet1",
          "name": "subnet1",
          "private_endpoint_network_policies": "Disabled",
          "private_link_service_network_policies_enabled": true,
          "route_table_id": "",
          "security_group": "",
          "service_endpoint_policy_ids": [],
          "service_endpoints": []
        }
      ],
      "type": [
        "set",
        [
          "object",
          {
            "address_prefixes": [
              "list",
              "string"
            ],
            "default_outbound_access_enabled": "bool",
            "delegation": [
              "list",
              [
                "object",
                {
                  "name": "string",
                  "service_delegation": [
                    "list",
                    [
                      "object",
                      {
                        "actions": [
                          "set",
                          "string"
                        ],
                        "name": "string"
                      }
                    ]
                  ]
                }
              ]
            ],
            "id": "string",
            "name": "string",
            "private_endpoint_network_policies": "string",
            "private_link_service_network_policies_enabled": "bool",
            "route_table_id": "string",
            "security_group": "string",
            "service_endpoint_policy_ids": [
              "set",
              "string"
            ],
            "service_endpoints": [
              "set",
              "string"
            ]
          }
        ]
      ]
    },
    "vnet": {
      "value": {
        "address_space": [
          "192.168.0.0/24"
        ],
        "bgp_community": "",
        "ddos_protection_plan": [],
        "dns_servers": [],
        "edge_zone": "",
        "encryption": [],
        "flow_timeout_in_minutes": 0,
        "guid": "89f27757-f929-4b0e-9cde-f18ca0a47a02",
        "id": "/subscriptions/4f0dddbf-b2ef-4bd5-9204-6fe8b3aa84a4/resourceGroups/rg_twinkal/providers/Microsoft.Network/virtualNetworks/vnet_twinkal",
        "location": "eastus",
        "name": "vnet_twinkal",
        "private_endpoint_vnet_policies": "Disabled",
        "resource_group_name": "rg_twinkal",
        "subnet": [
          {
            "address_prefixes": [
              "192.168.0.64/26"
            ],
            "default_outbound_access_enabled": true,
            "delegation": [],
            "id": "/subscriptions/4f0dddbf-b2ef-4bd5-9204-6fe8b3aa84a4/resourceGroups/rg_twinkal/providers/Microsoft.Network/virtualNetworks/vnet_twinkal/subnets/subnet1",
            "name": "subnet1",
            "private_endpoint_network_policies": "Disabled",
            "private_link_service_network_policies_enabled": true,
            "route_table_id": "",
            "security_group": "",
            "service_endpoint_policy_ids": [],
            "service_endpoints": []
          }
        ],
        "tags": {},
        "timeouts": null
      },
      "type": [
        "object",
        {
          "address_space": [
            "set",
            "string"
          ],
          "bgp_community": "string",
          "ddos_protection_plan": [
            "list",
            [
              "object",
              {
                "enable": "bool",
                "id": "string"
              }
            ]
          ],
          "dns_servers": [
            "list",
            "string"
          ],
          "edge_zone": "string",
          "encryption": [
            "list",
            [
              "object",
              {
                "enforcement": "string"
              }
            ]
          ],
          "flow_timeout_in_minutes": "number",
          "guid": "string",
          "id": "string",
          "location": "string",
          "name": "string",
          "private_endpoint_vnet_policies": "string",
          "resource_group_name": "string",
          "subnet": [
            "set",
            [
              "object",
              {
                "address_prefixes": [
                  "list",
                  "string"
                ],
                "default_outbound_access_enabled": "bool",
                "delegation": [
                  "list",
                  [
                    "object",
                    {
                      "name": "string",
                      "service_delegation": [
                        "list",
                        [
                          "object",
                          {
                            "actions": [
                              "set",
                              "string"
                            ],
                            "name": "string"
                          }
                        ]
                      ]
                    }
                  ]
                ],
                "id": "string",
                "name": "string",
                "private_endpoint_network_policies": "string",
                "private_link_service_network_policies_enabled": "bool",
                "route_table_id": "string",
                "security_group": "string",
                "service_endpoint_policy_ids": [
                  "set",
                  "string"
                ],
                "service_endpoints": [
                  "set",
                  "string"
                ]
              }
            ]
          ],
          "tags": [
            "map",
            "string"
          ],
          "timeouts": [
            "object",
            {
              "create": "string",
              "delete": "string",
              "read": "string",
              "update": "string"
            }
          ]
        }
      ]
    }
  },
  "resources": [
    {
      "mode": "managed",
      "type": "azurerm_resource_group",
      "name": "rg",
      "provider": "provider[\"registry.terraform.io/hashicorp/azurerm\"]",
      "instances": [
        {
          "schema_version": 0,
          "attributes": {
            "id": "/subscriptions/4f0dddbf-b2ef-4bd5-9204-6fe8b3aa84a4/resourceGroups/rg_twinkal",
            "location": "eastus",
            "managed_by": "",
            "name": "rg_twinkal",
            "tags": {
              "Environment": "dev",
              "Owner": "team-dev"
            },
            "timeouts": null
          },
          "sensitive_attributes": [],
          "private": "eyJlMmJmYjczMC1lY2FhLTExZTYtOGY4OC0zNDM2M2JjN2M0YzAiOnsiY3JlYXRlIjo1NDAwMDAwMDAwMDAwLCJkZWxldGUiOjU0MDAwMDAwMDAwMDAsInJlYWQiOjMwMDAwMDAwMDAwMCwidXBkYXRlIjo1NDAwMDAwMDAwMDAwfX0="
        }
      ]
    },
    {
      "mode": "managed",
      "type": "azurerm_virtual_network",
      "name": "vnet",
      "provider": "provider[\"registry.terraform.io/hashicorp/azurerm\"]",
      "instances": [
        {
          "schema_version": 0,
          "attributes": {
            "address_space": [
              "192.168.0.0/24"
            ],
            "bgp_community": "",
            "ddos_protection_plan": [],
            "dns_servers": [],
            "edge_zone": "",
            "encryption": [],
            "flow_timeout_in_minutes": 0,
            "guid": "89f27757-f929-4b0e-9cde-f18ca0a47a02",
            "id": "/subscriptions/4f0dddbf-b2ef-4bd5-9204-6fe8b3aa84a4/resourceGroups/rg_twinkal/providers/Microsoft.Network/virtualNetworks/vnet_twinkal",
            "location": "eastus",
            "name": "vnet_twinkal",
            "private_endpoint_vnet_policies": "Disabled",
            "resource_group_name": "rg_twinkal",
            "subnet": [
              {
                "address_prefixes": [
                  "192.168.0.64/26"
                ],
                "default_outbound_access_enabled": true,
                "delegation": [],
                "id": "/subscriptions/4f0dddbf-b2ef-4bd5-9204-6fe8b3aa84a4/resourceGroups/rg_twinkal/providers/Microsoft.Network/virtualNetworks/vnet_twinkal/subnets/subnet1",
                "name": "subnet1",
                "private_endpoint_network_policies": "Disabled",
                "private_link_service_network_policies_enabled": true,
                "route_table_id": "",
                "security_group": "",
                "service_endpoint_policy_ids": [],
                "service_endpoints": []
              }
            ],
            "tags": {},
            "timeouts": null
          },
          "sensitive_attributes": [],
          "private": "eyJlMmJmYjczMC1lY2FhLTExZTYtOGY4OC0zNDM2M2JjN2M0YzAiOnsiY3JlYXRlIjoxODAwMDAwMDAwMDAwLCJkZWxldGUiOjE4MDAwMDAwMDAwMDAsInJlYWQiOjMwMDAwMDAwMDAwMCwidXBkYXRlIjoxODAwMDAwMDAwMDAwfX0=",
          "dependencies": [
            "azurerm_resource_group.rg"
          ]
        }
      ]
    }
  ],
  "check_results": null
}
