{
  "version": 4,
  "terraform_version": "1.6.6",
  "serial": 140,
  "lineage": "e7c5bbc2-23bc-add7-df52-38816bc01fee",
  "outputs": {},
  "resources": [
    {
      "mode": "managed",
      "type": "azurerm_resource_group",
      "name": "rg",
      "provider": "provider[\"registry.terraform.io/hashicorp/azurerm\"]",
      "instances": [
        {
          "schema_version": 0,
          "attributes": {
            "id": "/subscriptions/0aef9e33-85e8-4f22-9173-6ce19a226d16/resourceGroups/rg_twinkal",
            "location": "eastus",
            "name": "rg_twinkal",
            "tags": {
              "Environment": "dev",
              "ManagedBy": "terraform",
              "Owner": "team-dev"
            },
            "timeouts": null
          },
          "sensitive_attributes": [],
          "private": "eyJlMmJmYjczMC1lY2FhLTExZTYtOGY4OC0zNDM2M2JjN2M0YzAiOnsiY3JlYXRlIjo1NDAwMDAwMDAwMDAwLCJkZWxldGUiOjU0MDAwMDAwMDAwMDAsInJlYWQiOjMwMDAwMDAwMDAwMCwidXBkYXRlIjo1NDAwMDAwMDAwMDAwfX0="
        }
      ]
    }
  ],
  "check_results": null
}
