{
  "version": 4,
  "terraform_version": "1.6.6",
  "serial": 120,
  "lineage": "e7c5bbc2-23bc-add7-df52-38816bc01fee",
  "outputs": {
    "Resource_Group": {
      "value": {
        "id": "/subscriptions/0aef9e33-85e8-4f22-9173-6ce19a226d16/resourceGroups/rg_twinkal",
        "location": "eastus",
        "name": "rg_twinkal",
        "tags": {
          "Environment": "dev",
          "ManagedBy": "terraform",
          "Owner": "team-dev"
        },
        "timeouts": null
      },
      "type": [
        "object",
        {
          "id": "string",
          "location": "string",
          "name": "string",
          "tags": [
            "map",
            "string"
          ],
          "timeouts": [
            "object",
            {
              "create": "string",
              "delete": "string",
              "read": "string",
              "update": "string"
            }
          ]
        }
      ]
    },
    "Subnet": {
      "value": [],
      "type": [
        "set",
        [
          "object",
          {
            "address_prefix": "string",
            "id": "string",
            "name": "string",
            "security_group": "string"
          }
        ]
      ]
    },
    "Virtual_Network": {
      "value": {
        "address_space": [
          "192.168.0.0/24"
        ],
        "bgp_community": "",
        "ddos_protection_plan": [],
        "dns_servers": [],
        "edge_zone": "",
        "flow_timeout_in_minutes": 0,
        "guid": "01f3ba0c-108a-4a91-82e3-351b6d797be6",
        "id": "/subscriptions/0aef9e33-85e8-4f22-9173-6ce19a226d16/resourceGroups/rg_twinkal/providers/Microsoft.Network/virtualNetworks/vnet_twinkal",
        "location": "eastus",
        "name": "vnet_twinkal",
        "resource_group_name": "rg_twinkal",
        "subnet": [],
        "tags": null,
        "timeouts": null
      },
      "type": [
        "object",
        {
          "address_space": [
            "list",
            "string"
          ],
          "bgp_community": "string",
          "ddos_protection_plan": [
            "list",
            [
              "object",
              {
                "enable": "bool",
                "id": "string"
              }
            ]
          ],
          "dns_servers": [
            "list",
            "string"
          ],
          "edge_zone": "string",
          "flow_timeout_in_minutes": "number",
          "guid": "string",
          "id": "string",
          "location": "string",
          "name": "string",
          "resource_group_name": "string",
          "subnet": [
            "set",
            [
              "object",
              {
                "address_prefix": "string",
                "id": "string",
                "name": "string",
                "security_group": "string"
              }
            ]
          ],
          "tags": [
            "map",
            "string"
          ],
          "timeouts": [
            "object",
            {
              "create": "string",
              "delete": "string",
              "read": "string",
              "update": "string"
            }
          ]
        }
      ]
    },
    "publicip": {
      "value": "Public IP: 52.191.66.198",
      "type": "string"
    },
    "ssh_privatekey": {
      "value": "./id_rsa ssh key generated",
      "type": "string"
    },
    "ssh_publickey": {
      "value": "./id.rsa.pub ssh public key generated",
      "type": "string"
    }
  },
  "resources": [
    {
      "mode": "data",
      "type": "http",
      "name": "myip",
      "provider": "provider[\"registry.terraform.io/hashicorp/http\"]",
      "instances": [
        {
          "schema_version": 0,
          "attributes": {
            "body": "103.228.147.17",
            "ca_cert_pem": null,
            "client_cert_pem": null,
            "client_key_pem": null,
            "id": "https://api.ipify.org",
            "insecure": null,
            "method": null,
            "request_body": null,
            "request_headers": null,
            "request_timeout_ms": null,
            "response_body": "103.228.147.17",
            "response_body_base64": "MTAzLjIyOC4xNDcuMTc=",
            "response_headers": {
              "Cf-Cache-Status": "DYNAMIC",
              "Cf-Ray": "97b5c22f28106eef-BOM",
              "Content-Length": "14",
              "Content-Type": "text/plain",
              "Date": "Sun, 07 Sep 2025 11:10:15 GMT",
              "Server": "cloudflare",
              "Server-Timing": "cfL4;desc=\"?proto=TCP\u0026rtt=12254\u0026min_rtt=11969\u0026rtt_var=3897\u0026sent=8\u0026recv=8\u0026lost=0\u0026retrans=0\u0026sent_bytes=4257\u0026recv_bytes=1740\u0026delivery_rate=345577\u0026cwnd=253\u0026unsent_bytes=0\u0026cid=2c375608d2e9e676\u0026ts=357\u0026x=0\"",
              "Vary": "Origin"
            },
            "retry": null,
            "status_code": 200,
            "url": "https://api.ipify.org"
          },
          "sensitive_attributes": []
        }
      ]
    },
    {
      "mode": "managed",
      "type": "azurerm_linux_virtual_machine",
      "name": "vm",
      "provider": "provider[\"registry.terraform.io/hashicorp/azurerm\"]",
      "instances": [
        {
          "schema_version": 0,
          "attributes": {
            "additional_capabilities": [],
            "admin_password": null,
            "admin_ssh_key": [
              {
                "public_key": "ssh-rsa AAAAB3NzaC1yc2EAAAADAQABAAACAQChwP4I0gHx0Go8e+llUTI6UupgJa8EupZuXGYpH+wVKVCSbFnF0H2rwS4ViWzEElFTgA0crD4Vph92A7hEH1rHrzcPxNX9JbltvXyRWXaPTUSMVsbFnr1YQtDud5DSn+veMWpjEiFTZbBQjvg4X2/HqUfp1VMRLP/0myUthIQKn21/2/u2XUmmnhQwbAnBtWmqA2iQM9WDPoXN1o8b2BIEjXCYVzgtdio18hUkTS7ophHzYsIIr7yR6d5FgEKnibQIV5P/lw99J+N1m/CvxA6jGlPnJUpLxKowSV6Zns0Q1RK0riIbUrbDYz8fTySzDWFPnLy7XYf7DimPfOGuA3kGQV9VmvlV8WyiVHAVLus497Sl/CtH5SbbjyvN3hTn4AZxd+zkIjHM6tyEloReLCSyAw6sw+rMvBpZTS8nk+k6bI4xU+l2ob7Q0IOPFLuz87J37FN4ZXX1Czd2qG30SmChZcSsrqhzKtuutCNR6Ejq5naIm8v6aVkrBXHWJ4ZMEjePSpkPd45SOfvNGVq5d79LHetzeKugu3YYW7y3Lcj1sJeicPATVU9yXTKxE65vi+KVxaL2UcpzxJ2dF++padFuoqA97ui+5SmnrDp/vIsSzvr3zob7am9cknnhKZW6k0lZeeMIvwsF3XL2q/6+3RNJT1Amr6oY1Vs+FI2Ee/3RkQ==\n",
                "username": "twinkal"
              }
            ],
            "admin_username": "twinkal",
            "allow_extension_operations": true,
            "availability_set_id": "",
            "boot_diagnostics": [],
            "computer_name": "test-twinkal-vm",
            "custom_data": null,
            "dedicated_host_group_id": "",
            "dedicated_host_id": "",
            "disable_password_authentication": true,
            "edge_zone": "",
            "encryption_at_host_enabled": false,
            "eviction_policy": "",
            "extensions_time_budget": "PT1H30M",
            "id": "/subscriptions/0aef9e33-85e8-4f22-9173-6ce19a226d16/resourceGroups/rg_twinkal/providers/Microsoft.Compute/virtualMachines/test-twinkal-vm",
            "identity": [],
            "license_type": "",
            "location": "eastus",
            "max_bid_price": -1,
            "name": "test-twinkal-vm",
            "network_interface_ids": [
              "/subscriptions/0aef9e33-85e8-4f22-9173-6ce19a226d16/resourceGroups/rg_twinkal/providers/Microsoft.Network/networkInterfaces/test-nic"
            ],
            "os_disk": [
              {
                "caching": "ReadWrite",
                "diff_disk_settings": [],
                "disk_encryption_set_id": "",
                "disk_size_gb": 30,
                "name": "test-twinkal-vm_OsDisk_1_eebee7b54a9c4f1cae6c36e6c3f0d2a9",
                "storage_account_type": "Standard_LRS",
                "write_accelerator_enabled": false
              }
            ],
            "patch_mode": "ImageDefault",
            "plan": [],
            "platform_fault_domain": -1,
            "priority": "Regular",
            "private_ip_address": "192.168.0.68",
            "private_ip_addresses": [
              "192.168.0.68"
            ],
            "provision_vm_agent": true,
            "proximity_placement_group_id": "",
            "public_ip_address": "52.191.66.198",
            "public_ip_addresses": [
              "52.191.66.198"
            ],
            "resource_group_name": "rg_twinkal",
            "secret": [],
            "secure_boot_enabled": false,
            "size": "Standard_B2s",
            "source_image_id": "",
            "source_image_reference": [
              {
                "offer": "0001-com-ubuntu-server-jammy",
                "publisher": "Canonical",
                "sku": "22_04-lts",
                "version": "latest"
              }
            ],
            "tags": null,
            "termination_notification": null,
            "timeouts": null,
            "user_data": "",
            "virtual_machine_id": "c6e9955e-0f12-4308-98e0-83325a4f0c97",
            "virtual_machine_scale_set_id": "",
            "vtpm_enabled": false,
            "zone": ""
          },
          "sensitive_attributes": [],
          "private": "eyJlMmJmYjczMC1lY2FhLTExZTYtOGY4OC0zNDM2M2JjN2M0YzAiOnsiY3JlYXRlIjoyNzAwMDAwMDAwMDAwLCJkZWxldGUiOjI3MDAwMDAwMDAwMDAsInJlYWQiOjMwMDAwMDAwMDAwMCwidXBkYXRlIjoyNzAwMDAwMDAwMDAwfX0=",
          "dependencies": [
            "azurerm_network_interface.NIC",
            "azurerm_public_ip.public_ip",
            "azurerm_resource_group.rg",
            "azurerm_subnet.subnet",
            "azurerm_virtual_network.vnet",
            "tls_private_key.ssh"
          ]
        }
      ]
    },
    {
      "mode": "managed",
      "type": "azurerm_network_interface",
      "name": "NIC",
      "provider": "provider[\"registry.terraform.io/hashicorp/azurerm\"]",
      "instances": [
        {
          "schema_version": 0,
          "attributes": {
            "applied_dns_servers": [],
            "dns_servers": [],
            "edge_zone": "",
            "enable_accelerated_networking": false,
            "enable_ip_forwarding": false,
            "id": "/subscriptions/0aef9e33-85e8-4f22-9173-6ce19a226d16/resourceGroups/rg_twinkal/providers/Microsoft.Network/networkInterfaces/test-nic",
            "internal_dns_name_label": "",
            "internal_domain_name_suffix": "bs3pgamkcciuvaxdgunw04l12g.bx.internal.cloudapp.net",
            "ip_configuration": [
              {
                "gateway_load_balancer_frontend_ip_configuration_id": "",
                "name": "internal",
                "primary": true,
                "private_ip_address": "192.168.0.68",
                "private_ip_address_allocation": "Dynamic",
                "private_ip_address_version": "IPv4",
                "public_ip_address_id": "/subscriptions/0aef9e33-85e8-4f22-9173-6ce19a226d16/resourceGroups/rg_twinkal/providers/Microsoft.Network/publicIPAddresses/test-twinkal-vm-public-ip",
                "subnet_id": "/subscriptions/0aef9e33-85e8-4f22-9173-6ce19a226d16/resourceGroups/rg_twinkal/providers/Microsoft.Network/virtualNetworks/vnet_twinkal/subnets/subnet1"
              }
            ],
            "location": "eastus",
            "mac_address": "",
            "name": "test-nic",
            "private_ip_address": "192.168.0.68",
            "private_ip_addresses": [
              "192.168.0.68"
            ],
            "resource_group_name": "rg_twinkal",
            "tags": null,
            "timeouts": null,
            "virtual_machine_id": ""
          },
          "sensitive_attributes": [],
          "private": "eyJlMmJmYjczMC1lY2FhLTExZTYtOGY4OC0zNDM2M2JjN2M0YzAiOnsiY3JlYXRlIjoxODAwMDAwMDAwMDAwLCJkZWxldGUiOjE4MDAwMDAwMDAwMDAsInJlYWQiOjMwMDAwMDAwMDAwMCwidXBkYXRlIjoxODAwMDAwMDAwMDAwfX0=",
          "dependencies": [
            "azurerm_public_ip.public_ip",
            "azurerm_resource_group.rg",
            "azurerm_subnet.subnet",
            "azurerm_virtual_network.vnet"
          ]
        }
      ]
    },
    {
      "mode": "managed",
      "type": "azurerm_network_security_group",
      "name": "nsg-twinkal",
      "provider": "provider[\"registry.terraform.io/hashicorp/azurerm\"]",
      "instances": [
        {
          "schema_version": 0,
          "attributes": {
            "id": "/subscriptions/0aef9e33-85e8-4f22-9173-6ce19a226d16/resourceGroups/rg_twinkal/providers/Microsoft.Network/networkSecurityGroups/nsg-twinkal",
            "location": "eastus",
            "name": "nsg-twinkal",
            "resource_group_name": "rg_twinkal",
            "security_rule": [],
            "tags": null,
            "timeouts": null
          },
          "sensitive_attributes": [],
          "private": "eyJlMmJmYjczMC1lY2FhLTExZTYtOGY4OC0zNDM2M2JjN2M0YzAiOnsiY3JlYXRlIjoxODAwMDAwMDAwMDAwLCJkZWxldGUiOjE4MDAwMDAwMDAwMDAsInJlYWQiOjMwMDAwMDAwMDAwMCwidXBkYXRlIjoxODAwMDAwMDAwMDAwfX0=",
          "dependencies": [
            "azurerm_resource_group.rg"
          ]
        }
      ]
    },
    {
      "mode": "managed",
      "type": "azurerm_network_security_rule",
      "name": "Inbound_rule",
      "provider": "provider[\"registry.terraform.io/hashicorp/azurerm\"]",
      "instances": [
        {
          "schema_version": 0,
          "attributes": {
            "access": "Allow",
            "description": "",
            "destination_address_prefix": "*",
            "destination_address_prefixes": null,
            "destination_application_security_group_ids": null,
            "destination_port_range": "",
            "destination_port_ranges": [
              "22",
              "443",
              "80"
            ],
            "direction": "Inbound",
            "id": "/subscriptions/0aef9e33-85e8-4f22-9173-6ce19a226d16/resourceGroups/rg_twinkal/providers/Microsoft.Network/networkSecurityGroups/nsg-twinkal/securityRules/Allow-HTTP-HTTPS-SSH",
            "name": "Allow-HTTP-HTTPS-SSH",
            "network_security_group_name": "nsg-twinkal",
            "priority": 100,
            "protocol": "Tcp",
            "resource_group_name": "rg_twinkal",
            "source_address_prefix": "103.228.147.17",
            "source_address_prefixes": null,
            "source_application_security_group_ids": null,
            "source_port_range": "*",
            "source_port_ranges": null,
            "timeouts": null
          },
          "sensitive_attributes": [],
          "private": "eyJlMmJmYjczMC1lY2FhLTExZTYtOGY4OC0zNDM2M2JjN2M0YzAiOnsiY3JlYXRlIjoxODAwMDAwMDAwMDAwLCJkZWxldGUiOjE4MDAwMDAwMDAwMDAsInJlYWQiOjMwMDAwMDAwMDAwMCwidXBkYXRlIjoxODAwMDAwMDAwMDAwfX0=",
          "dependencies": [
            "azurerm_network_security_group.nsg-twinkal",
            "azurerm_resource_group.rg",
            "data.http.myip"
          ]
        }
      ]
    },
    {
      "mode": "managed",
      "type": "azurerm_network_security_rule",
      "name": "outbound_all",
      "provider": "provider[\"registry.terraform.io/hashicorp/azurerm\"]",
      "instances": [
        {
          "schema_version": 0,
          "attributes": {
            "access": "Allow",
            "description": "",
            "destination_address_prefix": "*",
            "destination_address_prefixes": null,
            "destination_application_security_group_ids": null,
            "destination_port_range": "*",
            "destination_port_ranges": null,
            "direction": "Outbound",
            "id": "/subscriptions/0aef9e33-85e8-4f22-9173-6ce19a226d16/resourceGroups/rg_twinkal/providers/Microsoft.Network/networkSecurityGroups/nsg-twinkal/securityRules/Allow-All-Outbound",
            "name": "Allow-All-Outbound",
            "network_security_group_name": "nsg-twinkal",
            "priority": 120,
            "protocol": "*",
            "resource_group_name": "rg_twinkal",
            "source_address_prefix": "*",
            "source_address_prefixes": null,
            "source_application_security_group_ids": null,
            "source_port_range": "*",
            "source_port_ranges": null,
            "timeouts": null
          },
          "sensitive_attributes": [],
          "private": "eyJlMmJmYjczMC1lY2FhLTExZTYtOGY4OC0zNDM2M2JjN2M0YzAiOnsiY3JlYXRlIjoxODAwMDAwMDAwMDAwLCJkZWxldGUiOjE4MDAwMDAwMDAwMDAsInJlYWQiOjMwMDAwMDAwMDAwMCwidXBkYXRlIjoxODAwMDAwMDAwMDAwfX0=",
          "dependencies": [
            "azurerm_network_security_group.nsg-twinkal",
            "azurerm_resource_group.rg"
          ]
        }
      ]
    },
    {
      "mode": "managed",
      "type": "azurerm_public_ip",
      "name": "public_ip",
      "provider": "provider[\"registry.terraform.io/hashicorp/azurerm\"]",
      "instances": [
        {
          "schema_version": 0,
          "attributes": {
            "allocation_method": "Static",
            "domain_name_label": null,
            "edge_zone": "",
            "fqdn": null,
            "id": "/subscriptions/0aef9e33-85e8-4f22-9173-6ce19a226d16/resourceGroups/rg_twinkal/providers/Microsoft.Network/publicIPAddresses/test-twinkal-vm-public-ip",
            "idle_timeout_in_minutes": 4,
            "ip_address": "52.191.66.198",
            "ip_tags": null,
            "ip_version": "IPv4",
            "location": "eastus",
            "name": "test-twinkal-vm-public-ip",
            "public_ip_prefix_id": null,
            "resource_group_name": "rg_twinkal",
            "reverse_fqdn": null,
            "sku": "Standard",
            "sku_tier": "Regional",
            "tags": null,
            "timeouts": null,
            "zones": null
          },
          "sensitive_attributes": [],
          "private": "eyJlMmJmYjczMC1lY2FhLTExZTYtOGY4OC0zNDM2M2JjN2M0YzAiOnsiY3JlYXRlIjoxODAwMDAwMDAwMDAwLCJkZWxldGUiOjE4MDAwMDAwMDAwMDAsInJlYWQiOjMwMDAwMDAwMDAwMCwidXBkYXRlIjoxODAwMDAwMDAwMDAwfX0=",
          "dependencies": [
            "azurerm_resource_group.rg"
          ]
        }
      ]
    },
    {
      "mode": "managed",
      "type": "azurerm_resource_group",
      "name": "rg",
      "provider": "provider[\"registry.terraform.io/hashicorp/azurerm\"]",
      "instances": [
        {
          "schema_version": 0,
          "attributes": {
            "id": "/subscriptions/0aef9e33-85e8-4f22-9173-6ce19a226d16/resourceGroups/rg_twinkal",
            "location": "eastus",
            "name": "rg_twinkal",
            "tags": {
              "Environment": "dev",
              "ManagedBy": "terraform",
              "Owner": "team-dev"
            },
            "timeouts": null
          },
          "sensitive_attributes": [],
          "private": "eyJlMmJmYjczMC1lY2FhLTExZTYtOGY4OC0zNDM2M2JjN2M0YzAiOnsiY3JlYXRlIjo1NDAwMDAwMDAwMDAwLCJkZWxldGUiOjU0MDAwMDAwMDAwMDAsInJlYWQiOjMwMDAwMDAwMDAwMCwidXBkYXRlIjo1NDAwMDAwMDAwMDAwfX0="
        }
      ]
    },
    {
      "mode": "managed",
      "type": "azurerm_subnet",
      "name": "subnet",
      "provider": "provider[\"registry.terraform.io/hashicorp/azurerm\"]",
      "instances": [
        {
          "schema_version": 0,
          "attributes": {
            "address_prefixes": [
              "192.168.0.64/26"
            ],
            "delegation": [],
            "enforce_private_link_endpoint_network_policies": false,
            "enforce_private_link_service_network_policies": false,
            "id": "/subscriptions/0aef9e33-85e8-4f22-9173-6ce19a226d16/resourceGroups/rg_twinkal/providers/Microsoft.Network/virtualNetworks/vnet_twinkal/subnets/subnet1",
            "name": "subnet1",
            "resource_group_name": "rg_twinkal",
            "service_endpoint_policy_ids": null,
            "service_endpoints": null,
            "timeouts": null,
            "virtual_network_name": "vnet_twinkal"
          },
          "sensitive_attributes": [],
          "private": "eyJlMmJmYjczMC1lY2FhLTExZTYtOGY4OC0zNDM2M2JjN2M0YzAiOnsiY3JlYXRlIjoxODAwMDAwMDAwMDAwLCJkZWxldGUiOjE4MDAwMDAwMDAwMDAsInJlYWQiOjMwMDAwMDAwMDAwMCwidXBkYXRlIjoxODAwMDAwMDAwMDAwfX0=",
          "dependencies": [
            "azurerm_resource_group.rg",
            "azurerm_virtual_network.vnet"
          ]
        }
      ]
    },
    {
      "mode": "managed",
      "type": "azurerm_subnet_network_security_group_association",
      "name": "nsg_assoc",
      "provider": "provider[\"registry.terraform.io/hashicorp/azurerm\"]",
      "instances": [
        {
          "schema_version": 0,
          "attributes": {
            "id": "/subscriptions/0aef9e33-85e8-4f22-9173-6ce19a226d16/resourceGroups/rg_twinkal/providers/Microsoft.Network/virtualNetworks/vnet_twinkal/subnets/subnet1",
            "network_security_group_id": "/subscriptions/0aef9e33-85e8-4f22-9173-6ce19a226d16/resourceGroups/rg_twinkal/providers/Microsoft.Network/networkSecurityGroups/nsg-twinkal",
            "subnet_id": "/subscriptions/0aef9e33-85e8-4f22-9173-6ce19a226d16/resourceGroups/rg_twinkal/providers/Microsoft.Network/virtualNetworks/vnet_twinkal/subnets/subnet1",
            "timeouts": null
          },
          "sensitive_attributes": [],
          "private": "eyJlMmJmYjczMC1lY2FhLTExZTYtOGY4OC0zNDM2M2JjN2M0YzAiOnsiY3JlYXRlIjoxODAwMDAwMDAwMDAwLCJkZWxldGUiOjE4MDAwMDAwMDAwMDAsInJlYWQiOjMwMDAwMDAwMDAwMCwidXBkYXRlIjoxODAwMDAwMDAwMDAwfX0=",
          "dependencies": [
            "azurerm_network_security_group.nsg-twinkal",
            "azurerm_resource_group.rg",
            "azurerm_subnet.subnet",
            "azurerm_virtual_network.vnet"
          ]
        }
      ]
    },
    {
      "mode": "managed",
      "type": "azurerm_virtual_network",
      "name": "vnet",
      "provider": "provider[\"registry.terraform.io/hashicorp/azurerm\"]",
      "instances": [
        {
          "schema_version": 0,
          "attributes": {
            "address_space": [
              "192.168.0.0/24"
            ],
            "bgp_community": "",
            "ddos_protection_plan": [],
            "dns_servers": [],
            "edge_zone": "",
            "flow_timeout_in_minutes": 0,
            "guid": "01f3ba0c-108a-4a91-82e3-351b6d797be6",
            "id": "/subscriptions/0aef9e33-85e8-4f22-9173-6ce19a226d16/resourceGroups/rg_twinkal/providers/Microsoft.Network/virtualNetworks/vnet_twinkal",
            "location": "eastus",
            "name": "vnet_twinkal",
            "resource_group_name": "rg_twinkal",
            "subnet": [],
            "tags": null,
            "timeouts": null
          },
          "sensitive_attributes": [],
          "private": "eyJlMmJmYjczMC1lY2FhLTExZTYtOGY4OC0zNDM2M2JjN2M0YzAiOnsiY3JlYXRlIjoxODAwMDAwMDAwMDAwLCJkZWxldGUiOjE4MDAwMDAwMDAwMDAsInJlYWQiOjMwMDAwMDAwMDAwMCwidXBkYXRlIjoxODAwMDAwMDAwMDAwfX0=",
          "dependencies": [
            "azurerm_resource_group.rg"
          ]
        }
      ]
    },
    {
      "mode": "managed",
      "type": "local_file",
      "name": "private_key",
      "provider": "provider[\"registry.terraform.io/hashicorp/local\"]",
      "instances": [
        {
          "schema_version": 0,
          "attributes": {
            "content": "-----BEGIN RSA PRIVATE KEY-----\nMIIJJwIBAAKCAgEAocD+CNIB8dBqPHvpZVEyOlLqYCWvBLqWblxmKR/sFSlQkmxZ\nxdB9q8EuFYlsxBJRU4ANHKw+FaYfdgO4RB9ax683D8TV/SW5bb18kVl2j01EjFbG\nxZ69WELQ7neQ0p/r3jFqYxIhU2WwUI74OF9vx6lH6dVTESz/9JslLYSECp9tf9v7\ntl1Jpp4UMGwJwbVpqgNokDPVgz6FzdaPG9gSBI1wmFc4LXYqNfIVJE0u6KYR82LC\nCK+8keneRYBCp4m0CFeT/5cPfSfjdZvwr8QOoxpT5yVKS8SqMElemZ7NENUStK4i\nG1K2w2M/H08ksw1hT5y8u12H+w4pj3zhrgN5BkFfVZr5VfFsolRwFS7rOPe0pfwr\nR+Um248rzd4U5+AGcXfs5CIxzOrchJaEXiwksgMOrMPqzLwaWU0vJ5PpOmyOMVPp\ndqG+0NCDjxS7s/Oyd+xTeGV19Qs3dqht9EpgoWXErK6ocyrbrrQjUehI6uZ2iJvL\n+mlZKwVx1ieGTBI3j0qZD3eOUjn7zRlauXe/Sx3rc3iroLt2GFu8ty3I9bCXonDw\nE1VPcl0ysROub4vilcWi9lHKc8SdnRfvqWnRbqKgPe7ovuUpp6w6f7yLEs76986G\n+2pvXJJ54SmVupNJWXnjCL8LBd1y9qv+vt0TSU9QJq+qGNVbPhSNhHv90ZECAwEA\nAQKCAgAAz7fGgg0t8hpyUrnNPw7GMZ/I2y+JUclK5O5DQwx7X7FuhpodrqnOuIGb\nbIzN3/yl81S9gdSu5Z4vSJ3+Q30AVu3rB5T+N9f6B7MOBJmeZugS3yWQnLb88Brd\ns15X3CMCApPyysa9hRtRECKJH9tu8Dey4dXQln3zM2sIkytZZUrWkxssY0PpEM5v\nnr8eyGLvDiTSYlwuFBx2N58Qp/ERMkdwEDHxMnBMRHpcLAHx+1FIPATWp9EFl1t8\n1EOhVQTA7PWKWO7kNRTERIO80foz0cA9ftekUSh8ZQXTNfN34+W738q+gdf2W3NX\n3B0GQ+kqzdG5i+LQfNXzCRCVv6E2B4d01m5BXKKduo/jjOT1gT0uB/CpiBgUsNa1\nzQ8vegSV5xEsvhujl/cZF3tZRTI59rZOc7xz5ebsjoFPgQbntki6xfK9K2ZCT4O/\nlezdGrw2VddoIg0hiOUG4DkmP06zdmTkQZLt+EtQ0Qbp2+NyEbHqc62cDhwc94SQ\nKL9ApCLdN+W/jsNlkloxO96BJpYcc7jP7ODhjZiz9aZaYH1ThyS+AxY2tn1k1Gkv\nx+ik6+dh7KlLwPHjpcFiLCYKQJcwqymhcJMKGB3a3GaHZ8/RamlpskLiiVQXxQib\n/zzt1ZOZ6mA1a72vfzkcXAUCBxGtfDp7DausQrdtLSOhh+GbdQKCAQEA0sdzXZYO\nrJdUWNI1pw85RO5DNNprFXUboR3lFHPLS0QQF8zToAWtjsqx4WwR/NwS/ytCy+PH\nPdf/wSwm7nQcTgawboyMdqRAA2KlJi614yTGhK5bhAV7GGei/kAsyh67OQfbyYVE\nPLwQEGSFanEnzu3/x4PDABcoVlrFFxhVbVk6lLPJ8I7+3MQmVKEuSa0h+dDIC1v/\ngYs6wypK29dZx03N53Ll/OQD+Bf/PGKjo+x8Z+XHRX4BDSIArE33QXxN6wf07t7d\nnc4U6qzgJuhYir5ktkaEL7CDrhKqZtvR5IMP1WXprBHxJWJp9auB+51nf9JmVyV5\n8Hbqo6NtnUroLQKCAQEAxHTyGLdYfFVQLiQc0/iAB+ZMGkrZfzSLn98T/Z5bsVQP\nfguTsfXYaoVqsBRnA9+Q2gRhkIiSW4zxczJNR+OCCSkKZN3kzejCbOmMKDbsE8+i\nLaMvmi0+8QMCxsbRdpBWn7XiozEqeRhUlxtb7Yt7V2YoMkNc0BxgzjcM7diJ6Ach\nsjkEfw0U36PTG11yMMmEL2JkBt396O1aTcRvKwt8yViBJ2QGcjqDYJ0sacBYbOIu\nW20LCj2UrCrgVnDowo+35qsWzv8Kn5X+aHocsOk32UxCXOjS82SirG4yypIjeIKL\n2bvFXgkNyCOQTz/tllmclCQs243S9X0JN9RZDOypdQKCAQB2aq1qr4ow9pfhir+v\nyoK/Mii5wdgVZwSNwPDZS7Cz6VotNNrT9Tyrkz7aSU/VwoI9rz1ItQBTw00hZr+8\niaj5QRLQGNA1O1PnUv07dVSkdx28nwQ1KKsea+MLelxvdVJz2PFmxyMuB+3yd7bo\ntQfLXrSrj1/3Zgs4cKh3sCkWVOHvdw6FwqB2wRBTzXXm2IjVA7HPh/EFA4aQ7Oq/\nlb4PlauPU2LYb/W25Sx07WnIB21hJZuNdBv9F9RO+UJnHQHdgEvgA394T7Y6ncMU\nuMY9tHd6XCWZcU6Zdk0bmnXSLruvhSEBldbnzOGArslI5gamrjrmzNwz92sdYgyM\nKPBFAoIBAB40TLR4G+ahxz4Q103Puv977N9t+pqQHZdq2Mv5eOd+oRMj/IUz4x4d\nfRWtTVlPGhoq6kUqejYRKV4osbEHzYpTAQIZC4CM9LeCAMZ+CzXQioKxwDPYGQE9\nEUQ2dSXhczAC6uFkQb90eizxS+TtuPzq++seaDqm4ktSM26uCCXgUtHv6j0OadMo\ngOCIMXJGyUfvvKlBoDQbqfKi7OSVU44xSUohGsydKm3EPHvV0sKK083Cqhvc8+q0\nfOFNYrvnFMMmMs+Ibr2ydfbiL18TvD5wdxOJyEUbh9cy6iQy67kveQj00ZdvlOrc\nbOeCUKj5BhXQqgTnfTO5EZ2/zCEskbECggEAKIdxtpitk+ANIV+dQ+5iEXm6DcBF\nSFDoNEaKQIKvuiOZrxffE4I0y/cKusMZDEZAcy7PgRAURMswVF1a1U+m9VUKnsn1\nQm1IsEYH5RBIZVOIVEfqvp545lMOOxr0xTTM5rzOYCzgydAOJU3OmHfa1jQbTp9h\nEnymVu9uKH5HHtkLrvDc37hAEsBH3qYkrABUAvIk0cQt6u7/60XtXyQrgv6YLadP\n0OeoJ+KZwhnmzkSOHhwJFwELq29NKaLXM7roMWofKLOTIOYVX0cSuiM3Q3zeXnzR\nS4pOi1Sv2n3NpKyB8jGZCAFKl1O/qklWmNIg93BAj8ZYOI1O22+VkHXjcA==\n-----END RSA PRIVATE KEY-----\n",
            "content_base64": null,
            "content_base64sha256": "gU5Fig+R2v/klX/xYPICvA7lCcquCwFzSJiZPnnYk0M=",
            "content_base64sha512": "leLZ+yCUQvdtJtajsZN+jJRY3dzNO4HIda6ZV/CqDn9O5+rAx2ZH/T97No+UavGcFvCNrHhUBfC9rWusNQ624A==",
            "content_md5": "82864472325cf06438eab76b1bc183c3",
            "content_sha1": "81cafdb8a6887f53d73900244be19868f1858e6b",
            "content_sha256": "814e458a0f91daffe4957ff160f202bc0ee509caae0b01734898993e79d89343",
            "content_sha512": "95e2d9fb209442f76d26d6a3b1937e8c9458dddccd3b81c875ae9957f0aa0e7f4ee7eac0c76647fd3f7b368f946af19c16f08dac785405f0bdad6bac350eb6e0",
            "directory_permission": "0777",
            "file_permission": "0600",
            "filename": "./id_rsa",
            "id": "81cafdb8a6887f53d73900244be19868f1858e6b",
            "sensitive_content": null,
            "source": null
          },
          "sensitive_attributes": [
            [
              {
                "type": "get_attr",
                "value": "content"
              }
            ]
          ],
          "dependencies": [
            "tls_private_key.ssh"
          ]
        }
      ]
    },
    {
      "mode": "managed",
      "type": "local_file",
      "name": "public_key",
      "provider": "provider[\"registry.terraform.io/hashicorp/local\"]",
      "instances": [
        {
          "schema_version": 0,
          "attributes": {
            "content": "ssh-rsa AAAAB3NzaC1yc2EAAAADAQABAAACAQChwP4I0gHx0Go8e+llUTI6UupgJa8EupZuXGYpH+wVKVCSbFnF0H2rwS4ViWzEElFTgA0crD4Vph92A7hEH1rHrzcPxNX9JbltvXyRWXaPTUSMVsbFnr1YQtDud5DSn+veMWpjEiFTZbBQjvg4X2/HqUfp1VMRLP/0myUthIQKn21/2/u2XUmmnhQwbAnBtWmqA2iQM9WDPoXN1o8b2BIEjXCYVzgtdio18hUkTS7ophHzYsIIr7yR6d5FgEKnibQIV5P/lw99J+N1m/CvxA6jGlPnJUpLxKowSV6Zns0Q1RK0riIbUrbDYz8fTySzDWFPnLy7XYf7DimPfOGuA3kGQV9VmvlV8WyiVHAVLus497Sl/CtH5SbbjyvN3hTn4AZxd+zkIjHM6tyEloReLCSyAw6sw+rMvBpZTS8nk+k6bI4xU+l2ob7Q0IOPFLuz87J37FN4ZXX1Czd2qG30SmChZcSsrqhzKtuutCNR6Ejq5naIm8v6aVkrBXHWJ4ZMEjePSpkPd45SOfvNGVq5d79LHetzeKugu3YYW7y3Lcj1sJeicPATVU9yXTKxE65vi+KVxaL2UcpzxJ2dF++padFuoqA97ui+5SmnrDp/vIsSzvr3zob7am9cknnhKZW6k0lZeeMIvwsF3XL2q/6+3RNJT1Amr6oY1Vs+FI2Ee/3RkQ==\n",
            "content_base64": null,
            "content_base64sha256": "l6TSAT4bBMyw56biMhtKFs8ETOLyMn/palsv/q58pKE=",
            "content_base64sha512": "UUpSIMLlPpr40eScVa9cvupu6psdqnqD82Gvt+DidJu1RdOsRSUomFwDbz+AmaN9h2tRq5B8HP/lJqu/4EST/A==",
            "content_md5": "a2cede0abfa7a5c630f3a21f69a60b20",
            "content_sha1": "52e6c98412a83b13b03013cc161b1cf1261665ea",
            "content_sha256": "97a4d2013e1b04ccb0e7a6e2321b4a16cf044ce2f2327fe96a5b2ffeae7ca4a1",
            "content_sha512": "514a5220c2e53e9af8d1e49c55af5cbeea6eea9b1daa7a83f361afb7e0e2749bb545d3ac452528985c036f3f8099a37d876b51ab907c1cffe526abbfe04493fc",
            "directory_permission": "0777",
            "file_permission": "0644",
            "filename": "./id_rsa.pub",
            "id": "52e6c98412a83b13b03013cc161b1cf1261665ea",
            "sensitive_content": null,
            "source": null
          },
          "sensitive_attributes": [],
          "dependencies": [
            "tls_private_key.ssh"
          ]
        }
      ]
    },
    {
      "mode": "managed",
      "type": "tls_private_key",
      "name": "ssh",
      "provider": "provider[\"registry.terraform.io/hashicorp/tls\"]",
      "instances": [
        {
          "schema_version": 1,
          "attributes": {
            "algorithm": "RSA",
            "ecdsa_curve": "P224",
            "id": "508388d0d7cc004f6c4d7be7fbfe60551f1064da",
            "private_key_openssh": "-----BEGIN OPENSSH PRIVATE KEY-----\nb3BlbnNzaC1rZXktdjEAAAAABG5vbmUAAAAEbm9uZQAAAAAAAAABAAACFwAAAAdz\nc2gtcnNhAAAAAwEAAQAAAgEAocD+CNIB8dBqPHvpZVEyOlLqYCWvBLqWblxmKR/s\nFSlQkmxZxdB9q8EuFYlsxBJRU4ANHKw+FaYfdgO4RB9ax683D8TV/SW5bb18kVl2\nj01EjFbGxZ69WELQ7neQ0p/r3jFqYxIhU2WwUI74OF9vx6lH6dVTESz/9JslLYSE\nCp9tf9v7tl1Jpp4UMGwJwbVpqgNokDPVgz6FzdaPG9gSBI1wmFc4LXYqNfIVJE0u\n6KYR82LCCK+8keneRYBCp4m0CFeT/5cPfSfjdZvwr8QOoxpT5yVKS8SqMElemZ7N\nENUStK4iG1K2w2M/H08ksw1hT5y8u12H+w4pj3zhrgN5BkFfVZr5VfFsolRwFS7r\nOPe0pfwrR+Um248rzd4U5+AGcXfs5CIxzOrchJaEXiwksgMOrMPqzLwaWU0vJ5Pp\nOmyOMVPpdqG+0NCDjxS7s/Oyd+xTeGV19Qs3dqht9EpgoWXErK6ocyrbrrQjUehI\n6uZ2iJvL+mlZKwVx1ieGTBI3j0qZD3eOUjn7zRlauXe/Sx3rc3iroLt2GFu8ty3I\n9bCXonDwE1VPcl0ysROub4vilcWi9lHKc8SdnRfvqWnRbqKgPe7ovuUpp6w6f7yL\nEs76986G+2pvXJJ54SmVupNJWXnjCL8LBd1y9qv+vt0TSU9QJq+qGNVbPhSNhHv9\n0ZEAAAc4vr9pmr6/aZoAAAAHc3NoLXJzYQAAAgEAocD+CNIB8dBqPHvpZVEyOlLq\nYCWvBLqWblxmKR/sFSlQkmxZxdB9q8EuFYlsxBJRU4ANHKw+FaYfdgO4RB9ax683\nD8TV/SW5bb18kVl2j01EjFbGxZ69WELQ7neQ0p/r3jFqYxIhU2WwUI74OF9vx6lH\n6dVTESz/9JslLYSECp9tf9v7tl1Jpp4UMGwJwbVpqgNokDPVgz6FzdaPG9gSBI1w\nmFc4LXYqNfIVJE0u6KYR82LCCK+8keneRYBCp4m0CFeT/5cPfSfjdZvwr8QOoxpT\n5yVKS8SqMElemZ7NENUStK4iG1K2w2M/H08ksw1hT5y8u12H+w4pj3zhrgN5BkFf\nVZr5VfFsolRwFS7rOPe0pfwrR+Um248rzd4U5+AGcXfs5CIxzOrchJaEXiwksgMO\nrMPqzLwaWU0vJ5PpOmyOMVPpdqG+0NCDjxS7s/Oyd+xTeGV19Qs3dqht9EpgoWXE\nrK6ocyrbrrQjUehI6uZ2iJvL+mlZKwVx1ieGTBI3j0qZD3eOUjn7zRlauXe/Sx3r\nc3iroLt2GFu8ty3I9bCXonDwE1VPcl0ysROub4vilcWi9lHKc8SdnRfvqWnRbqKg\nPe7ovuUpp6w6f7yLEs76986G+2pvXJJ54SmVupNJWXnjCL8LBd1y9qv+vt0TSU9Q\nJq+qGNVbPhSNhHv90ZEAAAADAQABAAACAADPt8aCDS3yGnJSuc0/DsYxn8jbL4lR\nyUrk7kNDDHtfsW6Gmh2uqc64gZtsjM3f/KXzVL2B1K7lni9Inf5DfQBW7esHlP43\n1/oHsw4EmZ5m6BLfJZCctvzwGt2zXlfcIwICk/LKxr2FG1EQIokf227wN7Lh1dCW\nffMzawiTK1llStaTGyxjQ+kQzm+evx7IYu8OJNJiXC4UHHY3nxCn8REyR3AQMfEy\ncExEelwsAfH7UUg8BNan0QWXW3zUQ6FVBMDs9YpY7uQ1FMREg7zR+jPRwD1+16RR\nKHxlBdM183fj5bvfyr6B1/Zbc1fcHQZD6SrN0bmL4tB81fMJEJW/oTYHh3TWbkFc\nop26j+OM5PWBPS4H8KmIGBSw1rXNDy96BJXnESy+G6OX9xkXe1lFMjn2tk5zvHPl\n5uyOgU+BBue2SLrF8r0rZkJPg7+V7N0avDZV12giDSGI5QbgOSY/TrN2ZORBku34\nS1DRBunb43IRsepzrZwOHBz3hJAov0CkIt035b+Ow2WSWjE73oEmlhxzuM/s4OGN\nmLP1plpgfVOHJL4DFja2fWTUaS/H6KTr52HsqUvA8eOlwWIsJgpAlzCrKaFwkwoY\nHdrcZodnz9FqaWmyQuKJVBfFCJv/PO3Vk5nqYDVrva9/ORxcBQIHEa18OnsNq6xC\nt20tI6GH4Zt1AAABACiHcbaYrZPgDSFfnUPuYhF5ug3ARUhQ6DRGikCCr7ojma8X\n3xOCNMv3CrrDGQxGQHMuz4EQFETLMFRdWtVPpvVVCp7J9UJtSLBGB+UQSGVTiFRH\n6r6eeOZTDjsa9MU0zOa8zmAs4MnQDiVNzph32tY0G06fYRJ8plbvbih+Rx7ZC67w\n3N+4QBLAR96mJKwAVALyJNHELeru/+tF7V8kK4L+mC2nT9DnqCfimcIZ5s5Ejh4c\nCRcBC6tvTSmi1zO66DFqHyizkyDmFV9HErojN0N83l580UuKTotUr9p9zaSsgfIx\nmQgBSpdTv6pJVpjSIPdwQI/GWDiNTttvlZB143AAAAEBANLHc12WDqyXVFjSNacP\nOUTuQzTaaxV1G6Ed5RRzy0tEEBfM06AFrY7KseFsEfzcEv8rQsvjxz3X/8EsJu50\nHE4GsG6MjHakQANipSYuteMkxoSuW4QFexhnov5ALMoeuzkH28mFRDy8EBBkhWpx\nJ87t/8eDwwAXKFZaxRcYVW1ZOpSzyfCO/tzEJlShLkmtIfnQyAtb/4GLOsMqStvX\nWcdNzedy5fzkA/gX/zxio6PsfGflx0V+AQ0iAKxN90F8TesH9O7e3Z3OFOqs4Cbo\nWIq+ZLZGhC+wg64Sqmbb0eSDD9Vl6awR8SViafWrgfudZ3/SZlclefB26qOjbZ1K\n6C0AAAEBAMR08hi3WHxVUC4kHNP4gAfmTBpK2X80i5/fE/2eW7FUD34Lk7H12GqF\narAUZwPfkNoEYZCIkluM8XMyTUfjggkpCmTd5M3owmzpjCg27BPPoi2jL5otPvED\nAsbG0XaQVp+14qMxKnkYVJcbW+2Le1dmKDJDXNAcYM43DO3YiegHIbI5BH8NFN+j\n0xtdcjDJhC9iZAbd/ejtWk3EbysLfMlYgSdkBnI6g2CdLGnAWGziLlttCwo9lKwq\n4FZw6MKPt+arFs7/Cp+V/mh6HLDpN9lMQlzo0vNkoqxuMsqSI3iCi9m7xV4JDcgj\nkE8/7ZZZnJQkLNuN0vV9CTfUWQzsqXUAAAAAAQID\n-----END OPENSSH PRIVATE KEY-----\n",
            "private_key_pem": "-----BEGIN RSA PRIVATE KEY-----\nMIIJJwIBAAKCAgEAocD+CNIB8dBqPHvpZVEyOlLqYCWvBLqWblxmKR/sFSlQkmxZ\nxdB9q8EuFYlsxBJRU4ANHKw+FaYfdgO4RB9ax683D8TV/SW5bb18kVl2j01EjFbG\nxZ69WELQ7neQ0p/r3jFqYxIhU2WwUI74OF9vx6lH6dVTESz/9JslLYSECp9tf9v7\ntl1Jpp4UMGwJwbVpqgNokDPVgz6FzdaPG9gSBI1wmFc4LXYqNfIVJE0u6KYR82LC\nCK+8keneRYBCp4m0CFeT/5cPfSfjdZvwr8QOoxpT5yVKS8SqMElemZ7NENUStK4i\nG1K2w2M/H08ksw1hT5y8u12H+w4pj3zhrgN5BkFfVZr5VfFsolRwFS7rOPe0pfwr\nR+Um248rzd4U5+AGcXfs5CIxzOrchJaEXiwksgMOrMPqzLwaWU0vJ5PpOmyOMVPp\ndqG+0NCDjxS7s/Oyd+xTeGV19Qs3dqht9EpgoWXErK6ocyrbrrQjUehI6uZ2iJvL\n+mlZKwVx1ieGTBI3j0qZD3eOUjn7zRlauXe/Sx3rc3iroLt2GFu8ty3I9bCXonDw\nE1VPcl0ysROub4vilcWi9lHKc8SdnRfvqWnRbqKgPe7ovuUpp6w6f7yLEs76986G\n+2pvXJJ54SmVupNJWXnjCL8LBd1y9qv+vt0TSU9QJq+qGNVbPhSNhHv90ZECAwEA\nAQKCAgAAz7fGgg0t8hpyUrnNPw7GMZ/I2y+JUclK5O5DQwx7X7FuhpodrqnOuIGb\nbIzN3/yl81S9gdSu5Z4vSJ3+Q30AVu3rB5T+N9f6B7MOBJmeZugS3yWQnLb88Brd\ns15X3CMCApPyysa9hRtRECKJH9tu8Dey4dXQln3zM2sIkytZZUrWkxssY0PpEM5v\nnr8eyGLvDiTSYlwuFBx2N58Qp/ERMkdwEDHxMnBMRHpcLAHx+1FIPATWp9EFl1t8\n1EOhVQTA7PWKWO7kNRTERIO80foz0cA9ftekUSh8ZQXTNfN34+W738q+gdf2W3NX\n3B0GQ+kqzdG5i+LQfNXzCRCVv6E2B4d01m5BXKKduo/jjOT1gT0uB/CpiBgUsNa1\nzQ8vegSV5xEsvhujl/cZF3tZRTI59rZOc7xz5ebsjoFPgQbntki6xfK9K2ZCT4O/\nlezdGrw2VddoIg0hiOUG4DkmP06zdmTkQZLt+EtQ0Qbp2+NyEbHqc62cDhwc94SQ\nKL9ApCLdN+W/jsNlkloxO96BJpYcc7jP7ODhjZiz9aZaYH1ThyS+AxY2tn1k1Gkv\nx+ik6+dh7KlLwPHjpcFiLCYKQJcwqymhcJMKGB3a3GaHZ8/RamlpskLiiVQXxQib\n/zzt1ZOZ6mA1a72vfzkcXAUCBxGtfDp7DausQrdtLSOhh+GbdQKCAQEA0sdzXZYO\nrJdUWNI1pw85RO5DNNprFXUboR3lFHPLS0QQF8zToAWtjsqx4WwR/NwS/ytCy+PH\nPdf/wSwm7nQcTgawboyMdqRAA2KlJi614yTGhK5bhAV7GGei/kAsyh67OQfbyYVE\nPLwQEGSFanEnzu3/x4PDABcoVlrFFxhVbVk6lLPJ8I7+3MQmVKEuSa0h+dDIC1v/\ngYs6wypK29dZx03N53Ll/OQD+Bf/PGKjo+x8Z+XHRX4BDSIArE33QXxN6wf07t7d\nnc4U6qzgJuhYir5ktkaEL7CDrhKqZtvR5IMP1WXprBHxJWJp9auB+51nf9JmVyV5\n8Hbqo6NtnUroLQKCAQEAxHTyGLdYfFVQLiQc0/iAB+ZMGkrZfzSLn98T/Z5bsVQP\nfguTsfXYaoVqsBRnA9+Q2gRhkIiSW4zxczJNR+OCCSkKZN3kzejCbOmMKDbsE8+i\nLaMvmi0+8QMCxsbRdpBWn7XiozEqeRhUlxtb7Yt7V2YoMkNc0BxgzjcM7diJ6Ach\nsjkEfw0U36PTG11yMMmEL2JkBt396O1aTcRvKwt8yViBJ2QGcjqDYJ0sacBYbOIu\nW20LCj2UrCrgVnDowo+35qsWzv8Kn5X+aHocsOk32UxCXOjS82SirG4yypIjeIKL\n2bvFXgkNyCOQTz/tllmclCQs243S9X0JN9RZDOypdQKCAQB2aq1qr4ow9pfhir+v\nyoK/Mii5wdgVZwSNwPDZS7Cz6VotNNrT9Tyrkz7aSU/VwoI9rz1ItQBTw00hZr+8\niaj5QRLQGNA1O1PnUv07dVSkdx28nwQ1KKsea+MLelxvdVJz2PFmxyMuB+3yd7bo\ntQfLXrSrj1/3Zgs4cKh3sCkWVOHvdw6FwqB2wRBTzXXm2IjVA7HPh/EFA4aQ7Oq/\nlb4PlauPU2LYb/W25Sx07WnIB21hJZuNdBv9F9RO+UJnHQHdgEvgA394T7Y6ncMU\nuMY9tHd6XCWZcU6Zdk0bmnXSLruvhSEBldbnzOGArslI5gamrjrmzNwz92sdYgyM\nKPBFAoIBAB40TLR4G+ahxz4Q103Puv977N9t+pqQHZdq2Mv5eOd+oRMj/IUz4x4d\nfRWtTVlPGhoq6kUqejYRKV4osbEHzYpTAQIZC4CM9LeCAMZ+CzXQioKxwDPYGQE9\nEUQ2dSXhczAC6uFkQb90eizxS+TtuPzq++seaDqm4ktSM26uCCXgUtHv6j0OadMo\ngOCIMXJGyUfvvKlBoDQbqfKi7OSVU44xSUohGsydKm3EPHvV0sKK083Cqhvc8+q0\nfOFNYrvnFMMmMs+Ibr2ydfbiL18TvD5wdxOJyEUbh9cy6iQy67kveQj00ZdvlOrc\nbOeCUKj5BhXQqgTnfTO5EZ2/zCEskbECggEAKIdxtpitk+ANIV+dQ+5iEXm6DcBF\nSFDoNEaKQIKvuiOZrxffE4I0y/cKusMZDEZAcy7PgRAURMswVF1a1U+m9VUKnsn1\nQm1IsEYH5RBIZVOIVEfqvp545lMOOxr0xTTM5rzOYCzgydAOJU3OmHfa1jQbTp9h\nEnymVu9uKH5HHtkLrvDc37hAEsBH3qYkrABUAvIk0cQt6u7/60XtXyQrgv6YLadP\n0OeoJ+KZwhnmzkSOHhwJFwELq29NKaLXM7roMWofKLOTIOYVX0cSuiM3Q3zeXnzR\nS4pOi1Sv2n3NpKyB8jGZCAFKl1O/qklWmNIg93BAj8ZYOI1O22+VkHXjcA==\n-----END RSA PRIVATE KEY-----\n",
            "private_key_pem_pkcs8": "-----BEGIN PRIVATE KEY-----\nMIIJQQIBADANBgkqhkiG9w0BAQEFAASCCSswggknAgEAAoICAQChwP4I0gHx0Go8\ne+llUTI6UupgJa8EupZuXGYpH+wVKVCSbFnF0H2rwS4ViWzEElFTgA0crD4Vph92\nA7hEH1rHrzcPxNX9JbltvXyRWXaPTUSMVsbFnr1YQtDud5DSn+veMWpjEiFTZbBQ\njvg4X2/HqUfp1VMRLP/0myUthIQKn21/2/u2XUmmnhQwbAnBtWmqA2iQM9WDPoXN\n1o8b2BIEjXCYVzgtdio18hUkTS7ophHzYsIIr7yR6d5FgEKnibQIV5P/lw99J+N1\nm/CvxA6jGlPnJUpLxKowSV6Zns0Q1RK0riIbUrbDYz8fTySzDWFPnLy7XYf7DimP\nfOGuA3kGQV9VmvlV8WyiVHAVLus497Sl/CtH5SbbjyvN3hTn4AZxd+zkIjHM6tyE\nloReLCSyAw6sw+rMvBpZTS8nk+k6bI4xU+l2ob7Q0IOPFLuz87J37FN4ZXX1Czd2\nqG30SmChZcSsrqhzKtuutCNR6Ejq5naIm8v6aVkrBXHWJ4ZMEjePSpkPd45SOfvN\nGVq5d79LHetzeKugu3YYW7y3Lcj1sJeicPATVU9yXTKxE65vi+KVxaL2UcpzxJ2d\nF++padFuoqA97ui+5SmnrDp/vIsSzvr3zob7am9cknnhKZW6k0lZeeMIvwsF3XL2\nq/6+3RNJT1Amr6oY1Vs+FI2Ee/3RkQIDAQABAoICAADPt8aCDS3yGnJSuc0/DsYx\nn8jbL4lRyUrk7kNDDHtfsW6Gmh2uqc64gZtsjM3f/KXzVL2B1K7lni9Inf5DfQBW\n7esHlP431/oHsw4EmZ5m6BLfJZCctvzwGt2zXlfcIwICk/LKxr2FG1EQIokf227w\nN7Lh1dCWffMzawiTK1llStaTGyxjQ+kQzm+evx7IYu8OJNJiXC4UHHY3nxCn8REy\nR3AQMfEycExEelwsAfH7UUg8BNan0QWXW3zUQ6FVBMDs9YpY7uQ1FMREg7zR+jPR\nwD1+16RRKHxlBdM183fj5bvfyr6B1/Zbc1fcHQZD6SrN0bmL4tB81fMJEJW/oTYH\nh3TWbkFcop26j+OM5PWBPS4H8KmIGBSw1rXNDy96BJXnESy+G6OX9xkXe1lFMjn2\ntk5zvHPl5uyOgU+BBue2SLrF8r0rZkJPg7+V7N0avDZV12giDSGI5QbgOSY/TrN2\nZORBku34S1DRBunb43IRsepzrZwOHBz3hJAov0CkIt035b+Ow2WSWjE73oEmlhxz\nuM/s4OGNmLP1plpgfVOHJL4DFja2fWTUaS/H6KTr52HsqUvA8eOlwWIsJgpAlzCr\nKaFwkwoYHdrcZodnz9FqaWmyQuKJVBfFCJv/PO3Vk5nqYDVrva9/ORxcBQIHEa18\nOnsNq6xCt20tI6GH4Zt1AoIBAQDSx3Ndlg6sl1RY0jWnDzlE7kM02msVdRuhHeUU\nc8tLRBAXzNOgBa2OyrHhbBH83BL/K0LL48c91//BLCbudBxOBrBujIx2pEADYqUm\nLrXjJMaErluEBXsYZ6L+QCzKHrs5B9vJhUQ8vBAQZIVqcSfO7f/Hg8MAFyhWWsUX\nGFVtWTqUs8nwjv7cxCZUoS5JrSH50MgLW/+BizrDKkrb11nHTc3ncuX85AP4F/88\nYqOj7Hxn5cdFfgENIgCsTfdBfE3rB/Tu3t2dzhTqrOAm6FiKvmS2RoQvsIOuEqpm\n29Hkgw/VZemsEfElYmn1q4H7nWd/0mZXJXnwduqjo22dSugtAoIBAQDEdPIYt1h8\nVVAuJBzT+IAH5kwaStl/NIuf3xP9nluxVA9+C5Ox9dhqhWqwFGcD35DaBGGQiJJb\njPFzMk1H44IJKQpk3eTN6MJs6YwoNuwTz6Itoy+aLT7xAwLGxtF2kFafteKjMSp5\nGFSXG1vti3tXZigyQ1zQHGDONwzt2InoByGyOQR/DRTfo9MbXXIwyYQvYmQG3f3o\n7VpNxG8rC3zJWIEnZAZyOoNgnSxpwFhs4i5bbQsKPZSsKuBWcOjCj7fmqxbO/wqf\nlf5oehyw6TfZTEJc6NLzZKKsbjLKkiN4govZu8VeCQ3II5BPP+2WWZyUJCzbjdL1\nfQk31FkM7Kl1AoIBAHZqrWqvijD2l+GKv6/Kgr8yKLnB2BVnBI3A8NlLsLPpWi00\n2tP1PKuTPtpJT9XCgj2vPUi1AFPDTSFmv7yJqPlBEtAY0DU7U+dS/Tt1VKR3Hbyf\nBDUoqx5r4wt6XG91UnPY8WbHIy4H7fJ3tui1B8tetKuPX/dmCzhwqHewKRZU4e93\nDoXCoHbBEFPNdebYiNUDsc+H8QUDhpDs6r+Vvg+Vq49TYthv9bblLHTtacgHbWEl\nm410G/0X1E75QmcdAd2AS+ADf3hPtjqdwxS4xj20d3pcJZlxTpl2TRuaddIuu6+F\nIQGV1ufM4YCuyUjmBqauOubM3DP3ax1iDIwo8EUCggEAHjRMtHgb5qHHPhDXTc+6\n/3vs3236mpAdl2rYy/l4536hEyP8hTPjHh19Fa1NWU8aGirqRSp6NhEpXiixsQfN\nilMBAhkLgIz0t4IAxn4LNdCKgrHAM9gZAT0RRDZ1JeFzMALq4WRBv3R6LPFL5O24\n/Or76x5oOqbiS1Izbq4IJeBS0e/qPQ5p0yiA4IgxckbJR++8qUGgNBup8qLs5JVT\njjFJSiEazJ0qbcQ8e9XSworTzcKqG9zz6rR84U1iu+cUwyYyz4huvbJ19uIvXxO8\nPnB3E4nIRRuH1zLqJDLruS95CPTRl2+U6txs54JQqPkGFdCqBOd9M7kRnb/MISyR\nsQKCAQAoh3G2mK2T4A0hX51D7mIReboNwEVIUOg0RopAgq+6I5mvF98TgjTL9wq6\nwxkMRkBzLs+BEBREyzBUXVrVT6b1VQqeyfVCbUiwRgflEEhlU4hUR+q+nnjmUw47\nGvTFNMzmvM5gLODJ0A4lTc6Yd9rWNBtOn2ESfKZW724ofkce2Quu8NzfuEASwEfe\npiSsAFQC8iTRxC3q7v/rRe1fJCuC/pgtp0/Q56gn4pnCGebORI4eHAkXAQurb00p\notczuugxah8os5Mg5hVfRxK6IzdDfN5efNFLik6LVK/afc2krIHyMZkIAUqXU7+q\nSVaY0iD3cECPxlg4jU7bb5WQdeNw\n-----END PRIVATE KEY-----\n",
            "public_key_fingerprint_md5": "3b:ce:00:cc:15:87:d6:d1:eb:d0:9d:ce:71:72:54:d3",
            "public_key_fingerprint_sha256": "SHA256:3cgALzMVbGPAWFnsLRZsyLgoj1/V+0f0kK9jQ0i2Iqg",
            "public_key_openssh": "ssh-rsa AAAAB3NzaC1yc2EAAAADAQABAAACAQChwP4I0gHx0Go8e+llUTI6UupgJa8EupZuXGYpH+wVKVCSbFnF0H2rwS4ViWzEElFTgA0crD4Vph92A7hEH1rHrzcPxNX9JbltvXyRWXaPTUSMVsbFnr1YQtDud5DSn+veMWpjEiFTZbBQjvg4X2/HqUfp1VMRLP/0myUthIQKn21/2/u2XUmmnhQwbAnBtWmqA2iQM9WDPoXN1o8b2BIEjXCYVzgtdio18hUkTS7ophHzYsIIr7yR6d5FgEKnibQIV5P/lw99J+N1m/CvxA6jGlPnJUpLxKowSV6Zns0Q1RK0riIbUrbDYz8fTySzDWFPnLy7XYf7DimPfOGuA3kGQV9VmvlV8WyiVHAVLus497Sl/CtH5SbbjyvN3hTn4AZxd+zkIjHM6tyEloReLCSyAw6sw+rMvBpZTS8nk+k6bI4xU+l2ob7Q0IOPFLuz87J37FN4ZXX1Czd2qG30SmChZcSsrqhzKtuutCNR6Ejq5naIm8v6aVkrBXHWJ4ZMEjePSpkPd45SOfvNGVq5d79LHetzeKugu3YYW7y3Lcj1sJeicPATVU9yXTKxE65vi+KVxaL2UcpzxJ2dF++padFuoqA97ui+5SmnrDp/vIsSzvr3zob7am9cknnhKZW6k0lZeeMIvwsF3XL2q/6+3RNJT1Amr6oY1Vs+FI2Ee/3RkQ==\n",
            "public_key_pem": "-----BEGIN PUBLIC KEY-----\nMIICIjANBgkqhkiG9w0BAQEFAAOCAg8AMIICCgKCAgEAocD+CNIB8dBqPHvpZVEy\nOlLqYCWvBLqWblxmKR/sFSlQkmxZxdB9q8EuFYlsxBJRU4ANHKw+FaYfdgO4RB9a\nx683D8TV/SW5bb18kVl2j01EjFbGxZ69WELQ7neQ0p/r3jFqYxIhU2WwUI74OF9v\nx6lH6dVTESz/9JslLYSECp9tf9v7tl1Jpp4UMGwJwbVpqgNokDPVgz6FzdaPG9gS\nBI1wmFc4LXYqNfIVJE0u6KYR82LCCK+8keneRYBCp4m0CFeT/5cPfSfjdZvwr8QO\noxpT5yVKS8SqMElemZ7NENUStK4iG1K2w2M/H08ksw1hT5y8u12H+w4pj3zhrgN5\nBkFfVZr5VfFsolRwFS7rOPe0pfwrR+Um248rzd4U5+AGcXfs5CIxzOrchJaEXiwk\nsgMOrMPqzLwaWU0vJ5PpOmyOMVPpdqG+0NCDjxS7s/Oyd+xTeGV19Qs3dqht9Epg\noWXErK6ocyrbrrQjUehI6uZ2iJvL+mlZKwVx1ieGTBI3j0qZD3eOUjn7zRlauXe/\nSx3rc3iroLt2GFu8ty3I9bCXonDwE1VPcl0ysROub4vilcWi9lHKc8SdnRfvqWnR\nbqKgPe7ovuUpp6w6f7yLEs76986G+2pvXJJ54SmVupNJWXnjCL8LBd1y9qv+vt0T\nSU9QJq+qGNVbPhSNhHv90ZECAwEAAQ==\n-----END PUBLIC KEY-----\n",
            "rsa_bits": 4096
          },
          "sensitive_attributes": []
        }
      ]
    }
  ],
  "check_results": null
}
